
Microsoft Visual Studio Solution File, Format Version 12.00
# Visual Studio Version 16
VisualStudioVersion = 16.0.30621.155
MinimumVisualStudioVersion = 10.0.40219.1
Project("{FAE04EC0-301F-11D3-BF4B-00C04F79EFBC}") = "Encryption", "Encryption\Encryption.csproj", "{2CD0C08D-DF95-43E7-91E2-DA626BF96A11}"
EndProject
Global
	GlobalSection(SolutionConfigurationPlatforms) = preSolution
		Debug|Any CPU = Debug|Any CPU
		Release|Any CPU = Release|Any CPU
	EndGlobalSection
	GlobalSection(ProjectConfigurationPlatforms) = postSolution
		{2CD0C08D-DF95-43E7-91E2-DA626BF96A11}.Debug|Any CPU.ActiveCfg = Debug|Any CPU
		{2CD0C08D-DF95-43E7-91E2-DA626BF96A11}.Debug|Any CPU.Build.0 = Debug|Any CPU
		{2CD0C08D-DF95-43E7-91E2-DA626BF96A11}.Release|Any CPU.ActiveCfg = Release|Any CPU
		{2CD0C08D-DF95-43E7-91E2-DA626BF96A11}.Release|Any CPU.Build.0 = Release|Any CPU
	EndGlobalSection
	GlobalSection(SolutionProperties) = preSolution
		HideSolutionNode = FALSE
	EndGlobalSection
	GlobalSection(ExtensibilityGlobals) = postSolution
		SolutionGuid = {54660063-0872-4AA5-854A-1DFBB370BF56}
	EndGlobalSection
EndGlobal
